{
  "object": {
    "pins": [
      {
        "package": "BundleKit",
        "repositoryURL": "https://github.com/SwiftCommon/BundleKit",
        "state": {
          "branch": null,
          "revision": "796a8cb9a0b68f0ccb29c34d0ab8af1168a75e9c",
          "version": "0.0.2"
        }
      },
      {
        "package": "combine-schedulers",
        "repositoryURL": "https://github.com/pointfreeco/combine-schedulers",
        "state": {
          "branch": null,
          "revision": "4cf088c29a20f52be0f2ca54992b492c54e0076b",
          "version": "0.5.3"
        }
      },
      {
        "package": "composable-core-location",
        "repositoryURL": "https://github.com/pointfreeco/composable-core-location",
        "state": {
          "branch": null,
          "revision": "ad0b25210c1daef738f2565c4308765123fa248f",
          "version": "0.1.0"
        }
      },
      {
        "package": "FHIRModels",
        "repositoryURL": "https://github.com/apple/FHIRModels",
        "state": {
          "branch": null,
          "revision": "31dc40c01ef43b89191be5d9719e1ddedb2c91b5",
          "version": "0.1.0"
        }
      },
      {
        "package": "Nimble",
        "repositoryURL": "https://github.com/Quick/Nimble",
        "state": {
          "branch": null,
          "revision": "7a46a5fc86cb917f69e3daf79fcb045283d8f008",
          "version": "8.1.2"
        }
      },
      {
        "package": "OHHTTPStubs",
        "repositoryURL": "https://github.com/AliSoftware/OHHTTPStubs",
        "state": {
          "branch": null,
          "revision": "12f19662426d0434d6c330c6974d53e2eb10ecd9",
          "version": "9.1.0"
        }
      },
      {
        "package": "swift-case-paths",
        "repositoryURL": "https://github.com/pointfreeco/swift-case-paths",
        "state": {
          "branch": null,
          "revision": "241301b67d8551c26d8f09bd2c0e52cc49f18007",
          "version": "0.8.0"
        }
      },
      {
        "package": "swift-collections",
        "repositoryURL": "https://github.com/apple/swift-collections",
        "state": {
          "branch": null,
          "revision": "48254824bb4248676bf7ce56014ff57b142b77eb",
          "version": "1.0.2"
        }
      },
      {
        "package": "swift-composable-architecture",
        "repositoryURL": "https://github.com/pointfreeco/swift-composable-architecture",
        "state": {
          "branch": null,
          "revision": "ba9c626ab1b2b6af8cf684eebb2ab472fa5b6753",
          "version": "0.33.1"
        }
      },
      {
        "package": "swift-custom-dump",
        "repositoryURL": "https://github.com/pointfreeco/swift-custom-dump",
        "state": {
          "branch": null,
          "revision": "51698ece74ecf31959d3fa81733f0a5363ef1b4e",
          "version": "0.3.0"
        }
      },
      {
        "package": "swift-identified-collections",
        "repositoryURL": "https://github.com/pointfreeco/swift-identified-collections",
        "state": {
          "branch": null,
          "revision": "680bf440178a78a627b1c2c64c0855f6523ad5b9",
          "version": "0.3.2"
        }
      },
      {
        "package": "SnapshotTesting",
        "repositoryURL": "https://github.com/pointfreeco/swift-snapshot-testing",
        "state": {
          "branch": null,
          "revision": "f8a9c997c3c1dab4e216a8ec9014e23144cbab37",
          "version": "1.9.0"
        }
      },
      {
        "package": "Introspect",
        "repositoryURL": "https://github.com/siteline/SwiftUI-Introspect",
        "state": {
          "branch": null,
          "revision": "f2616860a41f9d9932da412a8978fec79c06fe24",
          "version": "0.1.4"
        }
      },
      {
        "package": "xctest-dynamic-overlay",
        "repositoryURL": "https://github.com/pointfreeco/xctest-dynamic-overlay",
        "state": {
          "branch": null,
          "revision": "50a70a9d3583fe228ce672e8923010c8df2deddd",
          "version": "0.2.1"
        }
      },
      {
        "package": "Zxcvbn",
        "repositoryURL": "https://github.com/andyjohns/zxcvbn-ios",
        "state": {
          "branch": null,
          "revision": "bf6083dc17df950c8bdfcf2063859ee1270015fd",
          "version": null
        }
      },
      {
        "package": "ZXingObjC",
        "repositoryURL": "https://github.com/zxingify/zxingify-objc",
        "state": {
          "branch": null,
          "revision": "e75eeff2089d66fc94514b43db3678a8812a9bbe",
          "version": "3.6.7"
        }
      }
    ]
  },
  "version": 1
}
