<?xml version="1.0" encoding="UTF-8"?>
<Scheme
   LastUpgradeVersion = "1200"
   version = "1.7">
   <BuildAction
      parallelizeBuildables = "YES"
      buildImplicitDependencies = "YES"
      runPostActionsOnFailure = "NO">
      <BuildActionEntries>
         <BuildActionEntry
            buildForTesting = "YES"
            buildForRunning = "YES"
            buildForProfiling = "YES"
            buildForArchiving = "YES"
            buildForAnalyzing = "YES">
            <BuildableReference
               BuildableIdentifier = "primary"
               BlueprintIdentifier = "0208EDC73CF66FC30D7F2ED6"
               BuildableName = "eRpKit.framework"
               BlueprintName = "eRpKit_macOS"
               ReferencedContainer = "container:eRp-App.xcodeproj">
            </BuildableReference>
         </BuildActionEntry>
      </BuildActionEntries>
   </BuildAction>
   <TestAction
      buildConfiguration = "Debug"
      selectedDebuggerIdentifier = "Xcode.DebuggerFoundation.Debugger.LLDB"
      selectedLauncherIdentifier = "Xcode.DebuggerFoundation.Launcher.LLDB"
      language = "de"
      region = "DE"
      codeCoverageEnabled = "YES"
      onlyGenerateCoverageForSpecifiedTargets = "NO"
      shouldUseLaunchSchemeArgsEnv = "YES">
      <Testables>
         <TestableReference
            skipped = "NO">
            <BuildableReference
               BuildableIdentifier = "primary"
               BlueprintIdentifier = "3ECB665149B98092B34D4C85"
               BuildableName = "eRpKitTests.xctest"
               BlueprintName = "eRpKitTests_macOS"
               ReferencedContainer = "container:eRp-App.xcodeproj">
            </BuildableReference>
         </TestableReference>
         <TestableReference
            skipped = "NO">
            <BuildableReference
               BuildableIdentifier = "primary"
               BlueprintIdentifier = "55017E6C075C164E5B52B2CA"
               BuildableName = "eRpLocalStorageTests.xctest"
               BlueprintName = "eRpLocalStorageTests_macOS"
               ReferencedContainer = "container:eRp-App.xcodeproj">
            </BuildableReference>
         </TestableReference>
         <TestableReference
            skipped = "NO">
            <BuildableReference
               BuildableIdentifier = "primary"
               BlueprintIdentifier = "A115CF7BB472F917A497CA81"
               BuildableName = "eRpRemoteStorageTests.xctest"
               BlueprintName = "eRpRemoteStorageTests_macOS"
               ReferencedContainer = "container:eRp-App.xcodeproj">
            </BuildableReference>
         </TestableReference>
         <TestableReference
            skipped = "NO">
            <BuildableReference
               BuildableIdentifier = "primary"
               BlueprintIdentifier = "6415172565BF66880F1870F9"
               BuildableName = "PharmacyTests.xctest"
               BlueprintName = "PharmacyTests_macOS"
               ReferencedContainer = "container:eRp-App.xcodeproj">
            </BuildableReference>
         </TestableReference>
         <TestableReference
            skipped = "NO">
            <BuildableReference
               BuildableIdentifier = "primary"
               BlueprintIdentifier = "7D0E12F85B2C7EAF4E6413A4"
               BuildableName = "IDPTests.xctest"
               BlueprintName = "IDPTests_macOS"
               ReferencedContainer = "container:eRp-App.xcodeproj">
            </BuildableReference>
         </TestableReference>
         <TestableReference
            skipped = "NO">
            <BuildableReference
               BuildableIdentifier = "primary"
               BlueprintIdentifier = "BF6EB0A6F0395C4B9D58D583"
               BuildableName = "HTTPClientTests.xctest"
               BlueprintName = "HTTPClientTests_macOS"
               ReferencedContainer = "container:eRp-App.xcodeproj">
            </BuildableReference>
         </TestableReference>
         <TestableReference
            skipped = "NO">
            <BuildableReference
               BuildableIdentifier = "primary"
               BlueprintIdentifier = "405C6182E483E7FFE060C2A5"
               BuildableName = "FHIRClientTests.xctest"
               BlueprintName = "FHIRClientTests_macOS"
               ReferencedContainer = "container:eRp-App.xcodeproj">
            </BuildableReference>
         </TestableReference>
         <TestableReference
            skipped = "NO">
            <BuildableReference
               BuildableIdentifier = "primary"
               BlueprintIdentifier = "6C122FC4CC6FA85377414CEC"
               BuildableName = "TrustStoreTests.xctest"
               BlueprintName = "TrustStoreTests_macOS"
               ReferencedContainer = "container:eRp-App.xcodeproj">
            </BuildableReference>
         </TestableReference>
         <TestableReference
            skipped = "NO">
            <BuildableReference
               BuildableIdentifier = "primary"
               BlueprintIdentifier = "03608F51CD532436074330E3"
               BuildableName = "VAUClientTests.xctest"
               BlueprintName = "VAUClientTests_macOS"
               ReferencedContainer = "container:eRp-App.xcodeproj">
            </BuildableReference>
         </TestableReference>
      </Testables>
      <MacroExpansion>
         <BuildableReference
            BuildableIdentifier = "primary"
            BlueprintIdentifier = "0208EDC73CF66FC30D7F2ED6"
            BuildableName = "eRpKit.framework"
            BlueprintName = "eRpKit_macOS"
            ReferencedContainer = "container:eRp-App.xcodeproj">
         </BuildableReference>
      </MacroExpansion>
      <CommandLineArguments>
      </CommandLineArguments>
   </TestAction>
   <LaunchAction
      buildConfiguration = "Debug"
      selectedDebuggerIdentifier = "Xcode.DebuggerFoundation.Debugger.LLDB"
      selectedLauncherIdentifier = "Xcode.DebuggerFoundation.Launcher.LLDB"
      launchStyle = "0"
      useCustomWorkingDirectory = "NO"
      ignoresPersistentStateOnLaunch = "NO"
      debugDocumentVersioning = "YES"
      debugServiceExtension = "internal"
      allowLocationSimulation = "YES">
      <MacroExpansion>
         <BuildableReference
            BuildableIdentifier = "primary"
            BlueprintIdentifier = "0208EDC73CF66FC30D7F2ED6"
            BuildableName = "eRpKit.framework"
            BlueprintName = "eRpKit_macOS"
            ReferencedContainer = "container:eRp-App.xcodeproj">
         </BuildableReference>
      </MacroExpansion>
   </LaunchAction>
   <ProfileAction
      buildConfiguration = "Release"
      shouldUseLaunchSchemeArgsEnv = "YES"
      savedToolIdentifier = ""
      useCustomWorkingDirectory = "NO"
      debugDocumentVersioning = "YES">
      <BuildableProductRunnable
         runnableDebuggingMode = "0">
         <BuildableReference
            BuildableIdentifier = "primary"
            BlueprintIdentifier = "0208EDC73CF66FC30D7F2ED6"
            BuildableName = "eRpKit.framework"
            BlueprintName = "eRpKit_macOS"
            ReferencedContainer = "container:eRp-App.xcodeproj">
         </BuildableReference>
      </BuildableProductRunnable>
   </ProfileAction>
   <AnalyzeAction
      buildConfiguration = "Debug">
   </AnalyzeAction>
   <ArchiveAction
      buildConfiguration = "Release"
      revealArchiveInOrganizer = "YES">
   </ArchiveAction>
</Scheme>
